
Microsoft Visual Studio Solution File, Format Version 12.00
# Visual Studio Version 17
VisualStudioVersion = 17.14.36414.22
MinimumVisualStudioVersion = 10.0.40219.1
Project("{FAE04EC0-301F-11D3-BF4B-00C04F79EFBC}") = "SofiaCosmetics", "SofiaCosmetics\SofiaCosmetics.csproj", "{0FF5420C-2324-4ED6-908D-36FA452041A8}"
EndProject
Global
	GlobalSection(SolutionConfigurationPlatforms) = preSolution
		Debug|Any CPU = Debug|Any CPU
		Release|Any CPU = Release|Any CPU
	EndGlobalSection
	GlobalSection(ProjectConfigurationPlatforms) = postSolution
		{0FF5420C-2324-4ED6-908D-36FA452041A8}.Debug|Any CPU.ActiveCfg = Debug|Any CPU
		{0FF5420C-2324-4ED6-908D-36FA452041A8}.Debug|Any CPU.Build.0 = Debug|Any CPU
		{0FF5420C-2324-4ED6-908D-36FA452041A8}.Release|Any CPU.ActiveCfg = Release|Any CPU
		{0FF5420C-2324-4ED6-908D-36FA452041A8}.Release|Any CPU.Build.0 = Release|Any CPU
	EndGlobalSection
	GlobalSection(SolutionProperties) = preSolution
		HideSolutionNode = FALSE
	EndGlobalSection
	GlobalSection(ExtensibilityGlobals) = postSolution
		SolutionGuid = {73F42F8D-1DC8-425B-A0C9-142045A2A49A}
	EndGlobalSection
EndGlobal
